
Microsoft Visual Studio Solution File, Format Version 12.00
# Visual Studio 15
VisualStudioVersion = 15.0.28307.1433
MinimumVisualStudioVersion = 10.0.40219.1
Project("{FAE04EC0-301F-11D3-BF4B-00C04F79EFBC}") = "AMRMeter", "AMRMeter\AMRMeter.csproj", "{4A99716E-2318-4A19-91E8-387F85CA9F6B}"
EndProject
Global
	GlobalSection(SolutionConfigurationPlatforms) = preSolution
		Debug|Any CPU = Debug|Any CPU
		Release|Any CPU = Release|Any CPU
	EndGlobalSection
	GlobalSection(ProjectConfigurationPlatforms) = postSolution
		{4A99716E-2318-4A19-91E8-387F85CA9F6B}.Debug|Any CPU.ActiveCfg = Debug|Any CPU
		{4A99716E-2318-4A19-91E8-387F85CA9F6B}.Debug|Any CPU.Build.0 = Debug|Any CPU
		{4A99716E-2318-4A19-91E8-387F85CA9F6B}.Release|Any CPU.ActiveCfg = Release|Any CPU
		{4A99716E-2318-4A19-91E8-387F85CA9F6B}.Release|Any CPU.Build.0 = Release|Any CPU
	EndGlobalSection
	GlobalSection(SolutionProperties) = preSolution
		HideSolutionNode = FALSE
	EndGlobalSection
	GlobalSection(ExtensibilityGlobals) = postSolution
		SolutionGuid = {B5D94E88-DE33-461F-8942-D61FA6DFD0F6}
	EndGlobalSection
EndGlobal
